version: 6
environments:
  default:
    channels:
    - url: https://conda.anaconda.org/conda-forge/
    packages:
      osx-arm64:
      - conda: https://conda.anaconda.org/conda-forge/osx-arm64/glpk-5.0-h6d7a090_0.tar.bz2
      - conda: https://conda.anaconda.org/conda-forge/osx-arm64/gmp-6.3.0-h7bae524_2.conda
      - conda: https://conda.anaconda.org/conda-forge/osx-arm64/libcxx-21.1.2-hf598326_0.conda
      - conda: https://conda.anaconda.org/conda-forge/osx-arm64/mpfr-4.2.1-hb693164_3.conda
      - conda: https://conda.anaconda.org/conda-forge/osx-arm64/pkgconf-2.5.1-hbc156a2_0.conda
      - conda: https://conda.anaconda.org/conda-forge/osx-arm64/ppl-1.2-h8b147cf_1006.tar.bz2
packages:
- conda: https://conda.anaconda.org/conda-forge/osx-arm64/glpk-5.0-h6d7a090_0.tar.bz2
  sha256: ac67e0ee73936f2b38b4c3c55354bec4ac79f31d4f4ed1020103f052c052259d
  md5: 02b868940101a06a6365c109ab1a94fe
  depends:
  - gmp >=6.2.1,<7.0a0
  license: GPL-3.0-or-later
  license_family: GPL
  size: 1003220
  timestamp: 1624569244555
- conda: https://conda.anaconda.org/conda-forge/osx-arm64/gmp-6.3.0-h7bae524_2.conda
  sha256: 76e222e072d61c840f64a44e0580c2503562b009090f55aa45053bf1ccb385dd
  md5: eed7278dfbab727b56f2c0b64330814b
  depends:
  - __osx >=11.0
  - libcxx >=16
  license: GPL-2.0-or-later OR LGPL-3.0-or-later
  size: 365188
  timestamp: 1718981343258
- conda: https://conda.anaconda.org/conda-forge/osx-arm64/libcxx-21.1.2-hf598326_0.conda
  sha256: 3de00998c8271f599d6ed9aea60dc0b3e5b1b7ff9f26f8eac95f86f135aa9beb
  md5: edfa256c5391f789384e470ce5c9f340
  depends:
  - __osx >=11.0
  license: Apache-2.0 WITH LLVM-exception
  license_family: Apache
  size: 568154
  timestamp: 1758698306949
- conda: https://conda.anaconda.org/conda-forge/osx-arm64/mpfr-4.2.1-hb693164_3.conda
  sha256: 4463e4e2aba7668e37a1b8532859191b4477a6f3602a5d6b4d64ad4c4baaeac5
  md5: 4e4ea852d54cc2b869842de5044662fb
  depends:
  - __osx >=11.0
  - gmp >=6.3.0,<7.0a0
  license: LGPL-3.0-only
  license_family: LGPL
  size: 345517
  timestamp: 1725746730583
- conda: https://conda.anaconda.org/conda-forge/osx-arm64/pkgconf-2.5.1-hbc156a2_0.conda
  sha256: da1018e48aca4ffe2a293693601f65ccea64d4260ee4f5830abe8412e06ad68b
  md5: 0fbb5d36b1118e2db66b7a1e15bd3db7
  depends:
  - __osx >=11.0
  license: MIT
  license_family: MIT
  size: 78430
  timestamp: 1751234076481
- conda: https://conda.anaconda.org/conda-forge/osx-arm64/ppl-1.2-h8b147cf_1006.tar.bz2
  sha256: c8d87236033bde5919edc09f166f69fe7f8204ae4f561779ed82906b15b457cc
  md5: 39a75328456ae78a5650d8f2d357a451
  depends:
  - glpk >=5.0,<5.1.0a0
  - gmp >=6.2.1,<7.0a0
  - libcxx >=14.0.4
  license: GPL-3.0-or-later
  license_family: GPL
  size: 10802276
  timestamp: 1664619770994
